
Microsoft Visual Studio Solution File, Format Version 12.00
# Visual Studio 14
VisualStudioVersion = 14.0.25420.1
MinimumVisualStudioVersion = 10.0.40219.1
Project("{FAE04EC0-301F-11D3-BF4B-00C04F79EFBC}") = "Consumer", "Consumer\Consumer.csproj", "{CFD11A98-DA72-47F9-A034-49055D58691F}"
	ProjectSection(ProjectDependencies) = postProject
		{F943CE94-B50B-47A3-9C44-ADD7C8928172} = {F943CE94-B50B-47A3-9C44-ADD7C8928172}
	EndProjectSection
EndProject
Project("{FAE04EC0-301F-11D3-BF4B-00C04F79EFBC}") = "WebServiceLibrary", "WebServiceLibrary\WebServiceLibrary.csproj", "{EBAB7694-8C2C-404C-8646-5BEB0FA538D3}"
EndProject
Project("{E24C65DC-7377-472B-9ABA-BC803B73C61A}") = "WebService(1)", "WebService\", "{F943CE94-B50B-47A3-9C44-ADD7C8928172}"
	ProjectSection(WebsiteProperties) = preProject
		TargetFrameworkMoniker = ".NETFramework,Version%3Dv4.6.1"
		Debug.AspNetCompiler.VirtualPath = "/localhost_4226"
		Debug.AspNetCompiler.PhysicalPath = "WebService\"
		Debug.AspNetCompiler.TargetPath = "PrecompiledWeb\localhost_4226\"
		Debug.AspNetCompiler.Updateable = "true"
		Debug.AspNetCompiler.ForceOverwrite = "true"
		Debug.AspNetCompiler.FixedNames = "false"
		Debug.AspNetCompiler.Debug = "True"
		Release.AspNetCompiler.VirtualPath = "/localhost_4226"
		Release.AspNetCompiler.PhysicalPath = "WebService\"
		Release.AspNetCompiler.TargetPath = "PrecompiledWeb\localhost_4226\"
		Release.AspNetCompiler.Updateable = "true"
		Release.AspNetCompiler.ForceOverwrite = "true"
		Release.AspNetCompiler.FixedNames = "false"
		Release.AspNetCompiler.Debug = "False"
		VWDPort = "4226"
		SlnRelativePath = "WebService\"
	EndProjectSection
EndProject
Project("{FAE04EC0-301F-11D3-BF4B-00C04F79EFBC}") = "WebServiceLibraryTest", "WebServiceLibraryTest\WebServiceLibraryTest.csproj", "{30FB1F22-BB7B-4BC0-9D4E-0370F1F52FA8}"
EndProject
Global
	GlobalSection(SolutionConfigurationPlatforms) = preSolution
		Debug|Any CPU = Debug|Any CPU
		Release|Any CPU = Release|Any CPU
	EndGlobalSection
	GlobalSection(ProjectConfigurationPlatforms) = postSolution
		{CFD11A98-DA72-47F9-A034-49055D58691F}.Debug|Any CPU.ActiveCfg = Debug|Any CPU
		{CFD11A98-DA72-47F9-A034-49055D58691F}.Debug|Any CPU.Build.0 = Debug|Any CPU
		{CFD11A98-DA72-47F9-A034-49055D58691F}.Release|Any CPU.ActiveCfg = Release|Any CPU
		{CFD11A98-DA72-47F9-A034-49055D58691F}.Release|Any CPU.Build.0 = Release|Any CPU
		{EBAB7694-8C2C-404C-8646-5BEB0FA538D3}.Debug|Any CPU.ActiveCfg = Debug|Any CPU
		{EBAB7694-8C2C-404C-8646-5BEB0FA538D3}.Debug|Any CPU.Build.0 = Debug|Any CPU
		{EBAB7694-8C2C-404C-8646-5BEB0FA538D3}.Release|Any CPU.ActiveCfg = Release|Any CPU
		{EBAB7694-8C2C-404C-8646-5BEB0FA538D3}.Release|Any CPU.Build.0 = Release|Any CPU
		{F943CE94-B50B-47A3-9C44-ADD7C8928172}.Debug|Any CPU.ActiveCfg = Debug|Any CPU
		{F943CE94-B50B-47A3-9C44-ADD7C8928172}.Debug|Any CPU.Build.0 = Debug|Any CPU
		{F943CE94-B50B-47A3-9C44-ADD7C8928172}.Release|Any CPU.ActiveCfg = Debug|Any CPU
		{F943CE94-B50B-47A3-9C44-ADD7C8928172}.Release|Any CPU.Build.0 = Debug|Any CPU
		{30FB1F22-BB7B-4BC0-9D4E-0370F1F52FA8}.Debug|Any CPU.ActiveCfg = Debug|Any CPU
		{30FB1F22-BB7B-4BC0-9D4E-0370F1F52FA8}.Debug|Any CPU.Build.0 = Debug|Any CPU
		{30FB1F22-BB7B-4BC0-9D4E-0370F1F52FA8}.Release|Any CPU.ActiveCfg = Release|Any CPU
		{30FB1F22-BB7B-4BC0-9D4E-0370F1F52FA8}.Release|Any CPU.Build.0 = Release|Any CPU
	EndGlobalSection
	GlobalSection(SolutionProperties) = preSolution
		HideSolutionNode = FALSE
	EndGlobalSection
EndGlobal
